
Microsoft Visual Studio Solution File, Format Version 12.00
# Visual Studio Version 16
VisualStudioVersion = 16.0.29215.179
MinimumVisualStudioVersion = 10.0.40219.1
Project("{9A19103F-16F7-4668-BE54-9A1E7A4F7556}") = "AzureDevopsWorkItemsFetcher", "AzureDevopsWorkItemsFetcher\AzureDevopsWorkItemsFetcher.csproj", "{5769A70D-6FC7-4D9C-8D87-19E37A0149A3}"
EndProject
Global
	GlobalSection(SolutionConfigurationPlatforms) = preSolution
		Debug|Any CPU = Debug|Any CPU
		Release|Any CPU = Release|Any CPU
	EndGlobalSection
	GlobalSection(ProjectConfigurationPlatforms) = postSolution
		{5769A70D-6FC7-4D9C-8D87-19E37A0149A3}.Debug|Any CPU.ActiveCfg = Debug|Any CPU
		{5769A70D-6FC7-4D9C-8D87-19E37A0149A3}.Debug|Any CPU.Build.0 = Debug|Any CPU
		{5769A70D-6FC7-4D9C-8D87-19E37A0149A3}.Release|Any CPU.ActiveCfg = Release|Any CPU
		{5769A70D-6FC7-4D9C-8D87-19E37A0149A3}.Release|Any CPU.Build.0 = Release|Any CPU
	EndGlobalSection
	GlobalSection(SolutionProperties) = preSolution
		HideSolutionNode = FALSE
	EndGlobalSection
	GlobalSection(ExtensibilityGlobals) = postSolution
		SolutionGuid = {70F8B793-0BAC-4CBA-BFF8-69D860D2F380}
	EndGlobalSection
EndGlobal
